
Microsoft Visual Studio Solution File, Format Version 12.00
# Visual Studio 15
VisualStudioVersion = 15.0.28010.2036
MinimumVisualStudioVersion = 10.0.40219.1
Project("{8BC9CEB8-8B4A-11D0-8D11-00A0C91BC942}") = "Lab9", "Lab9\Lab9.vcxproj", "{FA4EF3F3-F281-4AE4-83EA-A8E78B8E1714}"
EndProject
Global
	GlobalSection(SolutionConfigurationPlatforms) = preSolution
		Debug|x64 = Debug|x64
		Debug|x86 = Debug|x86
		Release|x64 = Release|x64
		Release|x86 = Release|x86
	EndGlobalSection
	GlobalSection(ProjectConfigurationPlatforms) = postSolution
		{FA4EF3F3-F281-4AE4-83EA-A8E78B8E1714}.Debug|x64.ActiveCfg = Debug|x64
		{FA4EF3F3-F281-4AE4-83EA-A8E78B8E1714}.Debug|x64.Build.0 = Debug|x64
		{FA4EF3F3-F281-4AE4-83EA-A8E78B8E1714}.Debug|x86.ActiveCfg = Debug|Win32
		{FA4EF3F3-F281-4AE4-83EA-A8E78B8E1714}.Debug|x86.Build.0 = Debug|Win32
		{FA4EF3F3-F281-4AE4-83EA-A8E78B8E1714}.Release|x64.ActiveCfg = Release|x64
		{FA4EF3F3-F281-4AE4-83EA-A8E78B8E1714}.Release|x64.Build.0 = Release|x64
		{FA4EF3F3-F281-4AE4-83EA-A8E78B8E1714}.Release|x86.ActiveCfg = Release|Win32
		{FA4EF3F3-F281-4AE4-83EA-A8E78B8E1714}.Release|x86.Build.0 = Release|Win32
	EndGlobalSection
	GlobalSection(SolutionProperties) = preSolution
		HideSolutionNode = FALSE
	EndGlobalSection
	GlobalSection(ExtensibilityGlobals) = postSolution
		SolutionGuid = {A263A6EF-65F3-4D98-90E8-84DC73C05071}
	EndGlobalSection
EndGlobal
